
Microsoft Visual Studio Solution File, Format Version 12.00
# Visual Studio Version 17
VisualStudioVersion = 17.0.31903.59
MinimumVisualStudioVersion = 10.0.40219.1
Project("{2150E333-8FDC-42A3-9474-1A3956D46DE8}") = "src", "src", "{51F3AF38-E8BD-4B84-AC9B-87D548F47BA0}"
EndProject
Project("{2150E333-8FDC-42A3-9474-1A3956D46DE8}") = "Core", "Core", "{6A42F2A1-4ADB-4C57-9A11-8F0E1FA99A7B}"
EndProject
Project("{9A19103F-16F7-4668-BE54-9A1E7A4F7556}") = "Mriguel.Domain", "src\Core\Domain\Mriguel.Domain.csproj", "{21C20D50-ABB5-49B7-ACBB-6964B55DB9E5}"
EndProject
Project("{9A19103F-16F7-4668-BE54-9A1E7A4F7556}") = "Mriguel.Application", "src\Core\Application\Mriguel.Application.csproj", "{9D23EC01-8D93-4E97-A5BC-39CDB90B10D9}"
EndProject
Project("{2150E333-8FDC-42A3-9474-1A3956D46DE8}") = "Infrastructure", "Infrastructure", "{1F3E0D39-BEC0-4F83-BEF0-32917FE68BA5}"
EndProject
Project("{9A19103F-16F7-4668-BE54-9A1E7A4F7556}") = "Mriguel.Persistence", "src\Infrastructure\Persistence\Mriguel.Persistence.csproj", "{EC1994AC-BB1B-4D15-B5BF-33E3CFCF0B9A}"
EndProject
Project("{9A19103F-16F7-4668-BE54-9A1E7A4F7556}") = "Mriguel.Identity", "src\Infrastructure\Identity\Mriguel.Identity.csproj", "{6ABD7777-B593-4E0A-8142-605C4D9C990F}"
EndProject
Project("{9A19103F-16F7-4668-BE54-9A1E7A4F7556}") = "Mriguel.Infrastructure", "src\Infrastructure\Infrastructure\Mriguel.Infrastructure.csproj", "{04CA33C3-5E74-4C9D-A9DF-B3AC7A354F8D}"
EndProject
Project("{2150E333-8FDC-42A3-9474-1A3956D46DE8}") = "Presentation", "Presentation", "{E26DA7CD-6D0C-4B14-91E8-2C4C9BD9A0BF}"
EndProject
Project("{9A19103F-16F7-4668-BE54-9A1E7A4F7556}") = "Mriguel.API", "src\Presentation\API\Mriguel.API.csproj", "{67F36DF7-66A8-4D70-8A5B-C783D4FAE3F6}"
EndProject
Project("{9A19103F-16F7-4668-BE54-9A1E7A4F7556}") = "Mriguel.SignalR", "src\Presentation\SignalR\Mriguel.SignalR.csproj", "{C5FE8CC9-8ED3-4C4E-96A7-D3EA6CC9D3A5}"
EndProject
Project("{2150E333-8FDC-42A3-9474-1A3956D46DE8}") = "tests", "tests", "{0BD63D8B-6AE3-45F7-A467-E8CF4CE5ADCB}"
EndProject
Project("{9A19103F-16F7-4668-BE54-9A1E7A4F7556}") = "Mriguel.UnitTests", "tests\Mriguel.UnitTests\Mriguel.UnitTests.csproj", "{BACD3D3D-21E7-48CF-9AEE-1A70C2DB6F2F}"
EndProject
Project("{9A19103F-16F7-4668-BE54-9A1E7A4F7556}") = "Mriguel.IntegrationTests", "tests\Mriguel.IntegrationTests\Mriguel.IntegrationTests.csproj", "{61C6CD27-B647-4C9A-B37B-68A8F5E5B2F7}"
EndProject
Global
	GlobalSection(SolutionConfigurationPlatforms) = preSolution
		Debug|Any CPU = Debug|Any CPU
		Release|Any CPU = Release|Any CPU
	EndGlobalSection
	GlobalSection(ProjectConfigurationPlatforms) = postSolution
		{21C20D50-ABB5-49B7-ACBB-6964B55DB9E5}.Debug|Any CPU.ActiveCfg = Debug|Any CPU
		{21C20D50-ABB5-49B7-ACBB-6964B55DB9E5}.Debug|Any CPU.Build.0 = Debug|Any CPU
		{21C20D50-ABB5-49B7-ACBB-6964B55DB9E5}.Release|Any CPU.ActiveCfg = Release|Any CPU
		{21C20D50-ABB5-49B7-ACBB-6964B55DB9E5}.Release|Any CPU.Build.0 = Release|Any CPU
		{9D23EC01-8D93-4E97-A5BC-39CDB90B10D9}.Debug|Any CPU.ActiveCfg = Debug|Any CPU
		{9D23EC01-8D93-4E97-A5BC-39CDB90B10D9}.Debug|Any CPU.Build.0 = Debug|Any CPU
		{9D23EC01-8D93-4E97-A5BC-39CDB90B10D9}.Release|Any CPU.ActiveCfg = Release|Any CPU
		{9D23EC01-8D93-4E97-A5BC-39CDB90B10D9}.Release|Any CPU.Build.0 = Release|Any CPU
		{EC1994AC-BB1B-4D15-B5BF-33E3CFCF0B9A}.Debug|Any CPU.ActiveCfg = Debug|Any CPU
		{EC1994AC-BB1B-4D15-B5BF-33E3CFCF0B9A}.Debug|Any CPU.Build.0 = Debug|Any CPU
		{EC1994AC-BB1B-4D15-B5BF-33E3CFCF0B9A}.Release|Any CPU.ActiveCfg = Release|Any CPU
		{EC1994AC-BB1B-4D15-B5BF-33E3CFCF0B9A}.Release|Any CPU.Build.0 = Release|Any CPU
		{6ABD7777-B593-4E0A-8142-605C4D9C990F}.Debug|Any CPU.ActiveCfg = Debug|Any CPU
		{6ABD7777-B593-4E0A-8142-605C4D9C990F}.Debug|Any CPU.Build.0 = Debug|Any CPU
		{6ABD7777-B593-4E0A-8142-605C4D9C990F}.Release|Any CPU.ActiveCfg = Release|Any CPU
		{6ABD7777-B593-4E0A-8142-605C4D9C990F}.Release|Any CPU.Build.0 = Release|Any CPU
		{04CA33C3-5E74-4C9D-A9DF-B3AC7A354F8D}.Debug|Any CPU.ActiveCfg = Debug|Any CPU
		{04CA33C3-5E74-4C9D-A9DF-B3AC7A354F8D}.Debug|Any CPU.Build.0 = Debug|Any CPU
		{04CA33C3-5E74-4C9D-A9DF-B3AC7A354F8D}.Release|Any CPU.ActiveCfg = Release|Any CPU
		{04CA33C3-5E74-4C9D-A9DF-B3AC7A354F8D}.Release|Any CPU.Build.0 = Release|Any CPU
		{67F36DF7-66A8-4D70-8A5B-C783D4FAE3F6}.Debug|Any CPU.ActiveCfg = Debug|Any CPU
		{67F36DF7-66A8-4D70-8A5B-C783D4FAE3F6}.Debug|Any CPU.Build.0 = Debug|Any CPU
		{67F36DF7-66A8-4D70-8A5B-C783D4FAE3F6}.Release|Any CPU.ActiveCfg = Release|Any CPU
		{67F36DF7-66A8-4D70-8A5B-C783D4FAE3F6}.Release|Any CPU.Build.0 = Release|Any CPU
		{C5FE8CC9-8ED3-4C4E-96A7-D3EA6CC9D3A5}.Debug|Any CPU.ActiveCfg = Debug|Any CPU
		{C5FE8CC9-8ED3-4C4E-96A7-D3EA6CC9D3A5}.Debug|Any CPU.Build.0 = Debug|Any CPU
		{C5FE8CC9-8ED3-4C4E-96A7-D3EA6CC9D3A5}.Release|Any CPU.ActiveCfg = Release|Any CPU
		{C5FE8CC9-8ED3-4C4E-96A7-D3EA6CC9D3A5}.Release|Any CPU.Build.0 = Release|Any CPU
		{BACD3D3D-21E7-48CF-9AEE-1A70C2DB6F2F}.Debug|Any CPU.ActiveCfg = Debug|Any CPU
		{BACD3D3D-21E7-48CF-9AEE-1A70C2DB6F2F}.Debug|Any CPU.Build.0 = Debug|Any CPU
		{BACD3D3D-21E7-48CF-9AEE-1A70C2DB6F2F}.Release|Any CPU.ActiveCfg = Release|Any CPU
		{BACD3D3D-21E7-48CF-9AEE-1A70C2DB6F2F}.Release|Any CPU.Build.0 = Release|Any CPU
		{61C6CD27-B647-4C9A-B37B-68A8F5E5B2F7}.Debug|Any CPU.ActiveCfg = Debug|Any CPU
		{61C6CD27-B647-4C9A-B37B-68A8F5E5B2F7}.Debug|Any CPU.Build.0 = Debug|Any CPU
		{61C6CD27-B647-4C9A-B37B-68A8F5E5B2F7}.Release|Any CPU.ActiveCfg = Release|Any CPU
		{61C6CD27-B647-4C9A-B37B-68A8F5E5B2F7}.Release|Any CPU.Build.0 = Release|Any CPU
	EndGlobalSection
	GlobalSection(SolutionProperties) = preSolution
		HideSolutionNode = FALSE
	EndGlobalSection
	GlobalSection(NestedProjects) = preSolution
		{6A42F2A1-4ADB-4C57-9A11-8F0E1FA99A7B} = {51F3AF38-E8BD-4B84-AC9B-87D548F47BA0}
		{21C20D50-ABB5-49B7-ACBB-6964B55DB9E5} = {6A42F2A1-4ADB-4C57-9A11-8F0E1FA99A7B}
		{9D23EC01-8D93-4E97-A5BC-39CDB90B10D9} = {6A42F2A1-4ADB-4C57-9A11-8F0E1FA99A7B}
		{1F3E0D39-BEC0-4F83-BEF0-32917FE68BA5} = {51F3AF38-E8BD-4B84-AC9B-87D548F47BA0}
		{EC1994AC-BB1B-4D15-B5BF-33E3CFCF0B9A} = {1F3E0D39-BEC0-4F83-BEF0-32917FE68BA5}
		{6ABD7777-B593-4E0A-8142-605C4D9C990F} = {1F3E0D39-BEC0-4F83-BEF0-32917FE68BA5}
		{04CA33C3-5E74-4C9D-A9DF-B3AC7A354F8D} = {1F3E0D39-BEC0-4F83-BEF0-32917FE68BA5}
		{E26DA7CD-6D0C-4B14-91E8-2C4C9BD9A0BF} = {51F3AF38-E8BD-4B84-AC9B-87D548F47BA0}
		{67F36DF7-66A8-4D70-8A5B-C783D4FAE3F6} = {E26DA7CD-6D0C-4B14-91E8-2C4C9BD9A0BF}
		{C5FE8CC9-8ED3-4C4E-96A7-D3EA6CC9D3A5} = {E26DA7CD-6D0C-4B14-91E8-2C4C9BD9A0BF}
		{BACD3D3D-21E7-48CF-9AEE-1A70C2DB6F2F} = {0BD63D8B-6AE3-45F7-A467-E8CF4CE5ADCB}
		{61C6CD27-B647-4C9A-B37B-68A8F5E5B2F7} = {0BD63D8B-6AE3-45F7-A467-E8CF4CE5ADCB}
	EndGlobalSection
	GlobalSection(ExtensibilityGlobals) = postSolution
		SolutionGuid = {1A830260-052A-4AA7-B8F5-48D34B0C35F5}
	EndGlobalSection
EndGlobal
